{
  "name": "pareto",
  "lockfileVersion": 3,
  "requires": true,
  "packages": {
    "": {
      "dependencies": {
        "lib-pareto-typescript-project": "^0.215.0",
        "pareto-core-data": "^0.7.1",
        "pareto-core-exe": "^0.22.1"
      }
    },
    "node_modules/glo-pareto-common": {
      "version": "0.33.0",
      "resolved": "https://registry.npmjs.org/glo-pareto-common/-/glo-pareto-common-0.33.0.tgz",
      "integrity": "sha512-nYqdzHXomIJcPkPxbLkt9Gnoj/YnW4NHTkYxMiEBbqV86uNsGU1nC7gY3vbdlcBLKBSJKUxjmviOjPn+pckCCw==",
      "license": "TBD",
      "dependencies": {
        "pareto-core-types": "^0.16.2"
      }
    },
    "node_modules/lib-fountain-pen": {
      "version": "0.80.0",
      "resolved": "https://registry.npmjs.org/lib-fountain-pen/-/lib-fountain-pen-0.80.0.tgz",
      "integrity": "sha512-PwjjJGgOScg7LzoEwkTtxpJa7rb3iEAlSnQEwhkVG349rsQZc4CtHSbP6eNMxKDbXRlaxveW5RcKCBrdqFUM6g==",
      "license": "TBD",
      "dependencies": {
        "glo-pareto-common": "^0.33.0",
        "lib-pareto-filesystem": "^0.56.0",
        "pareto-core-async": "^0.14.2",
        "pareto-core-data": "^0.7.1",
        "pareto-core-dev": "^0.9.1",
        "pareto-core-lib": "^0.26.1",
        "pareto-core-map": "^0.7.1",
        "pareto-core-state": "^0.20.1",
        "res-pareto-array": "^0.10.0",
        "res-pareto-string": "^0.28.0",
        "res-pareto-tostring": "^0.37.0"
      }
    },
    "node_modules/lib-pareto-filesystem": {
      "version": "0.56.0",
      "resolved": "https://registry.npmjs.org/lib-pareto-filesystem/-/lib-pareto-filesystem-0.56.0.tgz",
      "integrity": "sha512-C9zeEQF9o1PG3EGMsqr7pK6oHlEPUpxp2/Cm2+Dz4ni+b7rD+sTk9l+o5rL4TQ6iKZ4o14lnj1pVp/IPK0mDhg==",
      "license": "TBD",
      "dependencies": {
        "pareto-core-async": "^0.14.2",
        "pareto-core-data": "^0.7.1",
        "pareto-core-dev": "^0.9.1",
        "pareto-core-lib": "^0.26.1",
        "pareto-core-map": "^0.7.1",
        "pareto-core-state": "^0.20.1",
        "res-pareto-filesystem": "^0.74.0"
      }
    },
    "node_modules/lib-pareto-typescript-project": {
      "version": "0.215.0",
      "resolved": "https://registry.npmjs.org/lib-pareto-typescript-project/-/lib-pareto-typescript-project-0.215.0.tgz",
      "integrity": "sha512-o+Z5NIwnJ6YfBz9x3ltdbaFTxpUSpa5PuV4c64Y9yQ4EhYrX/ZsfV3NvdAs++f6+xJXbVmeWlwGZuYeu8d4rJA==",
      "license": "TBD",
      "dependencies": {
        "glo-pareto-common": "^0.33.0",
        "lib-fountain-pen": "^0.80.0",
        "lib-pareto-filesystem": "^0.56.0",
        "pareto-core-async": "^0.14.2",
        "pareto-core-data": "^0.7.1",
        "pareto-core-dev": "^0.9.1",
        "pareto-core-lib": "^0.26.1",
        "pareto-core-map": "^0.7.1",
        "pareto-core-state": "^0.20.1",
        "res-pareto-array": "^0.10.0",
        "res-pareto-collation": "^0.41.0",
        "res-pareto-foreach": "^0.26.0",
        "res-pareto-main": "^0.38.0",
        "res-pareto-resolve": "^0.9.0",
        "res-typescript": "^0.29.0"
      }
    },
    "node_modules/pareto-core-async": {
      "version": "0.14.2",
      "resolved": "https://registry.npmjs.org/pareto-core-async/-/pareto-core-async-0.14.2.tgz",
      "integrity": "sha512-WE+Q1ijhFybe04iE499aX73TPugbl7ZAIJb68SLT0iX3KA2jFnJf8KUxTjAP8qIBcIOdFmcaT8XDSzaOr1JG+w==",
      "license": "ISC",
      "dependencies": {
        "pareto-core-internals": "^0.22.2"
      }
    },
    "node_modules/pareto-core-data": {
      "version": "0.7.1",
      "resolved": "https://registry.npmjs.org/pareto-core-data/-/pareto-core-data-0.7.1.tgz",
      "integrity": "sha512-P0g6Re92of/EZQSXKMDFuw5H10I+3luwTG71zvNatg9Rir/iWAptrsoK/VsNXKiYX4I/OjFuUu2ezhT62+ZrPQ==",
      "license": "ISC",
      "dependencies": {
        "pareto-core-internals": "^0.22.2"
      }
    },
    "node_modules/pareto-core-dev": {
      "version": "0.9.1",
      "resolved": "https://registry.npmjs.org/pareto-core-dev/-/pareto-core-dev-0.9.1.tgz",
      "integrity": "sha512-K43mpTPS76bx1RbEmUWa6eJ24LV5+RkxRabwh++SOnHB6arwDJiMmCRtOkp9iseO7SZgrU4nH9wrV+JxusFNpQ==",
      "license": "ISC",
      "dependencies": {
        "pareto-core-internals": "^0.22.2"
      }
    },
    "node_modules/pareto-core-exe": {
      "version": "0.22.1",
      "resolved": "https://registry.npmjs.org/pareto-core-exe/-/pareto-core-exe-0.22.1.tgz",
      "integrity": "sha512-CtGBUYuWSKXBqnGR1sGLdpqyHXbqL6FibmKU20TrbfjF1GOrvqw9n20hC6MBz6jjJGf5HI+tjSDT+4QgVa+zjw==",
      "license": "ISC",
      "dependencies": {
        "pareto-core-internals": "^0.22.2"
      }
    },
    "node_modules/pareto-core-internals": {
      "version": "0.22.2",
      "resolved": "https://registry.npmjs.org/pareto-core-internals/-/pareto-core-internals-0.22.2.tgz",
      "integrity": "sha512-Uhg68zKwnmRLdcudNMwQ2BzxNCp4VABxSlG9K4Dha2ICgG/zUWWkksz7RoDWCLMMw5HziGeGa9Q1ckNYSPCS9A==",
      "license": "ISC",
      "dependencies": {
        "pareto-core-types": "^0.16.2"
      }
    },
    "node_modules/pareto-core-lib": {
      "version": "0.26.1",
      "resolved": "https://registry.npmjs.org/pareto-core-lib/-/pareto-core-lib-0.26.1.tgz",
      "integrity": "sha512-z2rbOPrbQBcB7vSBwbwIl+PSpoJ671B81LoZ3F/PKWOVkWiTdAzYuAGl8To9veUUBtbTmOv9jEkM4Iv2kX4BnQ==",
      "license": "ISC",
      "dependencies": {
        "pareto-core-internals": "^0.22.2"
      }
    },
    "node_modules/pareto-core-map": {
      "version": "0.7.1",
      "resolved": "https://registry.npmjs.org/pareto-core-map/-/pareto-core-map-0.7.1.tgz",
      "integrity": "sha512-VX+mr9TmwCstqfAUEOl/JvsWfyW7gbei0fy6ZA8YCMfhVzH/R1O+egluJSoD8E2k/hc4D5vg/nzjvl/qosmGiw==",
      "license": "ISC",
      "dependencies": {
        "pareto-core-internals": "^0.22.2"
      }
    },
    "node_modules/pareto-core-state": {
      "version": "0.20.1",
      "resolved": "https://registry.npmjs.org/pareto-core-state/-/pareto-core-state-0.20.1.tgz",
      "integrity": "sha512-GHHkx3gVCY0Fvp9mnRQ0C8vM5C0NEaSC8fdxL2VsyrsVGX3Lv2dtmMGfSqFt6EEaD+bKA6nYam81IxDMmLUq+A==",
      "license": "ISC",
      "dependencies": {
        "pareto-core-internals": "^0.22.2"
      }
    },
    "node_modules/pareto-core-types": {
      "version": "0.16.3",
      "resolved": "https://registry.npmjs.org/pareto-core-types/-/pareto-core-types-0.16.3.tgz",
      "integrity": "sha512-dTCdDZ4woGJlQ0yJQ0wWrDt6few0lZMHQ5iBNTI33xQpK7V17QWX/AFTgbKJ3KOSU9Q6DMEi8iuQsXHB5PDnVg==",
      "license": "ISC"
    },
    "node_modules/res-pareto-array": {
      "version": "0.10.0",
      "resolved": "https://registry.npmjs.org/res-pareto-array/-/res-pareto-array-0.10.0.tgz",
      "integrity": "sha512-TVebj2G3Eq+UNJ4O5qW/7oPkD1oO3o3yg6ZuJ/0BQ2pgTeZnaAb8FwvgpRajf2pa2GBbWezTP72no0V+UskMfg==",
      "license": "TBD",
      "dependencies": {
        "glo-pareto-common": "^0.33.0",
        "pareto-core-internals": "^0.22.0"
      }
    },
    "node_modules/res-pareto-collation": {
      "version": "0.41.0",
      "resolved": "https://registry.npmjs.org/res-pareto-collation/-/res-pareto-collation-0.41.0.tgz",
      "integrity": "sha512-WAR2X4vEMmN3uoHn2kJMd4DJP1N3GZh0/av/b5FKNZJBzOQfKZt8vFRn7A+o9+N8iPpmS6+8vZpWxB0uB8ekIA==",
      "license": "TBD",
      "dependencies": {
        "glo-pareto-common": "^0.33.0",
        "pareto-core-internals": "^0.22.2"
      }
    },
    "node_modules/res-pareto-filesystem": {
      "version": "0.74.0",
      "resolved": "https://registry.npmjs.org/res-pareto-filesystem/-/res-pareto-filesystem-0.74.0.tgz",
      "integrity": "sha512-21DnTyhoXrhgdVijhco0vm1I+2y0+5cgu65ksTm9NfxoWRlSfWzRklhmslL/0tXsd7Z1d1kl0LizvrguV9K0rA==",
      "license": "TBD",
      "dependencies": {
        "glo-pareto-common": "^0.33.0",
        "pareto-core-internals": "^0.22.2"
      }
    },
    "node_modules/res-pareto-foreach": {
      "version": "0.26.0",
      "resolved": "https://registry.npmjs.org/res-pareto-foreach/-/res-pareto-foreach-0.26.0.tgz",
      "integrity": "sha512-Kw4+f2r5gYUAwDgZDnSliyOdHpfC3TzSgnf/tGm7W0QxyuT+q1/gqVXc5rTMwcH1jhy3X5PwZ8zTuZAnKbrjSQ==",
      "license": "TBD",
      "dependencies": {
        "pareto-core-internals": "^0.22.2",
        "res-pareto-collation": "^0.41.0"
      }
    },
    "node_modules/res-pareto-main": {
      "version": "0.38.0",
      "resolved": "https://registry.npmjs.org/res-pareto-main/-/res-pareto-main-0.38.0.tgz",
      "integrity": "sha512-3jz2x+5TmLFZk+GhUiM/gMxN3ZxpRV4uG88Pc3yqjhLc/3uCF1e6P7+JobjVvbI0CvJoxpeug8AYrchZk019sg==",
      "license": "TBD",
      "dependencies": {
        "glo-pareto-common": "^0.33.0",
        "pareto-core-internals": "^0.22.0"
      }
    },
    "node_modules/res-pareto-resolve": {
      "version": "0.9.0",
      "resolved": "https://registry.npmjs.org/res-pareto-resolve/-/res-pareto-resolve-0.9.0.tgz",
      "integrity": "sha512-8Jq2NJY1oAF2T2flGP3rcTrF6Os15hopwZZFBv+/Tnwq1BX66nGeR323/XiYQavZhoEwh2qDJz99BPveZPM2iw==",
      "license": "TBD",
      "dependencies": {
        "pareto-core-internals": "^0.22.2",
        "res-pareto-collation": "^0.41.0"
      }
    },
    "node_modules/res-pareto-string": {
      "version": "0.28.0",
      "resolved": "https://registry.npmjs.org/res-pareto-string/-/res-pareto-string-0.28.0.tgz",
      "integrity": "sha512-ZzEuDmAIFcLMX0SCxaMDTWjbo2CzLUVC/pxwO1PU9pALMKQhuixFoUOZcW9TVnGbVLRRhgdEfHHwIzfxPBKuUw==",
      "license": "TBD",
      "dependencies": {
        "glo-pareto-common": "^0.33.0",
        "pareto-core-internals": "^0.22.2"
      }
    },
    "node_modules/res-pareto-tostring": {
      "version": "0.37.0",
      "resolved": "https://registry.npmjs.org/res-pareto-tostring/-/res-pareto-tostring-0.37.0.tgz",
      "integrity": "sha512-Ka6pfOhWtyQYsjSkEOLYvTmEDwqUUVXwHAiLJcAGMRUNMeAzcpv2foabzvXjyGlI4w64RAwBqqfogylw6mboOA==",
      "license": "TBD",
      "dependencies": {
        "glo-pareto-common": "^0.33.0",
        "pareto-core-internals": "^0.22.2"
      }
    },
    "node_modules/res-typescript": {
      "version": "0.29.0",
      "resolved": "https://registry.npmjs.org/res-typescript/-/res-typescript-0.29.0.tgz",
      "integrity": "sha512-CdT5qK2yECnKeBi5YUJYDvvortR+/umd45ZM3PehkYS6tZ7ZseXBasb5xk0fPIEOs+UJjzn1oKIuBdXfBGjcWg==",
      "license": "TBD",
      "dependencies": {
        "glo-pareto-common": "^0.33.0",
        "pareto-core-internals": "^0.22.2"
      }
    }
  }
}
